
Microsoft Visual Studio Solution File, Format Version 12.00
# Visual Studio Version 17
VisualStudioVersion = 17.1.32421.90
MinimumVisualStudioVersion = 10.0.40219.1
Project("{FAE04EC0-301F-11D3-BF4B-00C04F79EFBC}") = "BeginnerApp", "BeginnerApp\BeginnerApp.csproj", "{6395FE85-FC59-4090-BDAE-62E12BB512CA}"
EndProject
Global
	GlobalSection(SolutionConfigurationPlatforms) = preSolution
		Debug|Any CPU = Debug|Any CPU
		Release|Any CPU = Release|Any CPU
	EndGlobalSection
	GlobalSection(ProjectConfigurationPlatforms) = postSolution
		{6395FE85-FC59-4090-BDAE-62E12BB512CA}.Debug|Any CPU.ActiveCfg = Debug|Any CPU
		{6395FE85-FC59-4090-BDAE-62E12BB512CA}.Debug|Any CPU.Build.0 = Debug|Any CPU
		{6395FE85-FC59-4090-BDAE-62E12BB512CA}.Release|Any CPU.ActiveCfg = Release|Any CPU
		{6395FE85-FC59-4090-BDAE-62E12BB512CA}.Release|Any CPU.Build.0 = Release|Any CPU
	EndGlobalSection
	GlobalSection(SolutionProperties) = preSolution
		HideSolutionNode = FALSE
	EndGlobalSection
	GlobalSection(ExtensibilityGlobals) = postSolution
		SolutionGuid = {D85BBAA5-3E48-49E1-A96F-782552A729F3}
	EndGlobalSection
EndGlobal
